// !$*UTF8*$!
{
	archiveVersion = 1;
	classes = {
	};
	objectVersion = 77;
	objects = {

/* Begin PBXBuildFile section */
		058D28DB2E88B71200574394 /* WidgetKit.framework in Frameworks */ = {isa = PBXBuildFile; fileRef = 058D28DA2E88B71200574394 /* WidgetKit.framework */; };
		058D28DD2E88B71200574394 /* SwiftUI.framework in Frameworks */ = {isa = PBXBuildFile; fileRef = 058D28DC2E88B71200574394 /* SwiftUI.framework */; };
		058D28EC2E88B71300574394 /* DigitalMemoPadWidgetExtension.appex in Embed Foundation Extensions */ = {isa = PBXBuildFile; fileRef = 058D28D82E88B71200574394 /* DigitalMemoPadWidgetExtension.appex */; settings = {ATTRIBUTES = (RemoveHeadersOnCopy, ); }; };
/* End PBXBuildFile section */

/* Begin PBXContainerItemProxy section */
		058D28B72E88B34000574394 /* PBXContainerItemProxy */ = {
			isa = PBXContainerItemProxy;
			containerPortal = 058D289C2E88B33D00574394 /* Project object */;
			proxyType = 1;
			remoteGlobalIDString = 058D28A32E88B33D00574394;
			remoteInfo = DigitalMemoPad;
		};
		058D28C12E88B34000574394 /* PBXContainerItemProxy */ = {
			isa = PBXContainerItemProxy;
			containerPortal = 058D289C2E88B33D00574394 /* Project object */;
			proxyType = 1;
			remoteGlobalIDString = 058D28A32E88B33D00574394;
			remoteInfo = DigitalMemoPad;
		};
		058D28EA2E88B71300574394 /* PBXContainerItemProxy */ = {
			isa = PBXContainerItemProxy;
			containerPortal = 058D289C2E88B33D00574394 /* Project object */;
			proxyType = 1;
			remoteGlobalIDString = 058D28D72E88B71200574394;
			remoteInfo = DigitalMemoPadWidgetExtension;
		};
/* End PBXContainerItemProxy section */

/* Begin PBXCopyFilesBuildPhase section */
		058D28F12E88B71300574394 /* Embed Foundation Extensions */ = {
			isa = PBXCopyFilesBuildPhase;
			buildActionMask = 2147483647;
			dstPath = "";
			dstSubfolderSpec = 13;
			files = (
				058D28EC2E88B71300574394 /* DigitalMemoPadWidgetExtension.appex in Embed Foundation Extensions */,
			);
			name = "Embed Foundation Extensions";
			runOnlyForDeploymentPostprocessing = 0;
		};
/* End PBXCopyFilesBuildPhase section */

/* Begin PBXFileReference section */
		058D28A42E88B33D00574394 /* DigitalMemoPad.app */ = {isa = PBXFileReference; explicitFileType = wrapper.application; includeInIndex = 0; path = DigitalMemoPad.app; sourceTree = BUILT_PRODUCTS_DIR; };
		058D28B62E88B34000574394 /* DigitalMemoPadTests.xctest */ = {isa = PBXFileReference; explicitFileType = wrapper.cfbundle; includeInIndex = 0; path = DigitalMemoPadTests.xctest; sourceTree = BUILT_PRODUCTS_DIR; };
		058D28C02E88B34000574394 /* DigitalMemoPadUITests.xctest */ = {isa = PBXFileReference; explicitFileType = wrapper.cfbundle; includeInIndex = 0; path = DigitalMemoPadUITests.xctest; sourceTree = BUILT_PRODUCTS_DIR; };
		058D28D82E88B71200574394 /* DigitalMemoPadWidgetExtension.appex */ = {isa = PBXFileReference; explicitFileType = "wrapper.app-extension"; includeInIndex = 0; path = DigitalMemoPadWidgetExtension.appex; sourceTree = BUILT_PRODUCTS_DIR; };
		058D28DA2E88B71200574394 /* WidgetKit.framework */ = {isa = PBXFileReference; lastKnownFileType = wrapper.framework; name = WidgetKit.framework; path = System/Library/Frameworks/WidgetKit.framework; sourceTree = SDKROOT; };
		058D28DC2E88B71200574394 /* SwiftUI.framework */ = {isa = PBXFileReference; lastKnownFileType = wrapper.framework; name = SwiftUI.framework; path = System/Library/Frameworks/SwiftUI.framework; sourceTree = SDKROOT; };
		058D28F22E88B75900574394 /* DigitalMemoPadWidgetExtension.entitlements */ = {isa = PBXFileReference; lastKnownFileType = text.plist.entitlements; path = DigitalMemoPadWidgetExtension.entitlements; sourceTree = "<group>"; };
/* End PBXFileReference section */

/* Begin PBXFileSystemSynchronizedBuildFileExceptionSet section */
		058D28ED2E88B71300574394 /* Exceptions for "DigitalMemoPadWidget" folder in "DigitalMemoPadWidgetExtension" target */ = {
			isa = PBXFileSystemSynchronizedBuildFileExceptionSet;
			membershipExceptions = (
				Info.plist,
			);
			target = 058D28D72E88B71200574394 /* DigitalMemoPadWidgetExtension */;
		};
		058D29142E88B9A900574394 /* Exceptions for "DigitalMemoPad" folder in "DigitalMemoPadWidgetExtension" target */ = {
			isa = PBXFileSystemSynchronizedBuildFileExceptionSet;
			membershipExceptions = (
				DigitalMemoPad.xcdatamodeld,
			);
			target = 058D28D72E88B71200574394 /* DigitalMemoPadWidgetExtension */;
		};
/* End PBXFileSystemSynchronizedBuildFileExceptionSet section */

/* Begin PBXFileSystemSynchronizedRootGroup section */
		058D28A62E88B33D00574394 /* DigitalMemoPad */ = {
			isa = PBXFileSystemSynchronizedRootGroup;
			exceptions = (
				058D29142E88B9A900574394 /* Exceptions for "DigitalMemoPad" folder in "DigitalMemoPadWidgetExtension" target */,
			);
			path = DigitalMemoPad;
			sourceTree = "<group>";
		};
		058D28B92E88B34000574394 /* DigitalMemoPadTests */ = {
			isa = PBXFileSystemSynchronizedRootGroup;
			path = DigitalMemoPadTests;
			sourceTree = "<group>";
		};
		058D28C32E88B34000574394 /* DigitalMemoPadUITests */ = {
			isa = PBXFileSystemSynchronizedRootGroup;
			path = DigitalMemoPadUITests;
			sourceTree = "<group>";
		};
		058D28DE2E88B71200574394 /* DigitalMemoPadWidget */ = {
			isa = PBXFileSystemSynchronizedRootGroup;
			exceptions = (
				058D28ED2E88B71300574394 /* Exceptions for "DigitalMemoPadWidget" folder in "DigitalMemoPadWidgetExtension" target */,
			);
			path = DigitalMemoPadWidget;
			sourceTree = "<group>";
		};
/* End PBXFileSystemSynchronizedRootGroup section */

/* Begin PBXFrameworksBuildPhase section */
		058D28A12E88B33D00574394 /* Frameworks */ = {
			isa = PBXFrameworksBuildPhase;
			buildActionMask = 2147483647;
			files = (
			);
			runOnlyForDeploymentPostprocessing = 0;
		};
		058D28B32E88B34000574394 /* Frameworks */ = {
			isa = PBXFrameworksBuildPhase;
			buildActionMask = 2147483647;
			files = (
			);
			runOnlyForDeploymentPostprocessing = 0;
		};
		058D28BD2E88B34000574394 /* Frameworks */ = {
			isa = PBXFrameworksBuildPhase;
			buildActionMask = 2147483647;
			files = (
			);
			runOnlyForDeploymentPostprocessing = 0;
		};
		058D28D52E88B71200574394 /* Frameworks */ = {
			isa = PBXFrameworksBuildPhase;
			buildActionMask = 2147483647;
			files = (
				058D28DD2E88B71200574394 /* SwiftUI.framework in Frameworks */,
				058D28DB2E88B71200574394 /* WidgetKit.framework in Frameworks */,
			);
			runOnlyForDeploymentPostprocessing = 0;
		};
/* End PBXFrameworksBuildPhase section */

/* Begin PBXGroup section */
		058D289B2E88B33D00574394 = {
			isa = PBXGroup;
			children = (
				058D28F22E88B75900574394 /* DigitalMemoPadWidgetExtension.entitlements */,
				058D28A62E88B33D00574394 /* DigitalMemoPad */,
				058D28B92E88B34000574394 /* DigitalMemoPadTests */,
				058D28C32E88B34000574394 /* DigitalMemoPadUITests */,
				058D28DE2E88B71200574394 /* DigitalMemoPadWidget */,
				058D28D92E88B71200574394 /* Frameworks */,
				058D28A52E88B33D00574394 /* Products */,
			);
			sourceTree = "<group>";
		};
		058D28A52E88B33D00574394 /* Products */ = {
			isa = PBXGroup;
			children = (
				058D28A42E88B33D00574394 /* DigitalMemoPad.app */,
				058D28B62E88B34000574394 /* DigitalMemoPadTests.xctest */,
				058D28C02E88B34000574394 /* DigitalMemoPadUITests.xctest */,
				058D28D82E88B71200574394 /* DigitalMemoPadWidgetExtension.appex */,
			);
			name = Products;
			sourceTree = "<group>";
		};
		058D28D92E88B71200574394 /* Frameworks */ = {
			isa = PBXGroup;
			children = (
				058D28DA2E88B71200574394 /* WidgetKit.framework */,
				058D28DC2E88B71200574394 /* SwiftUI.framework */,
			);
			name = Frameworks;
			sourceTree = "<group>";
		};
/* End PBXGroup section */

/* Begin PBXNativeTarget section */
		058D28A32E88B33D00574394 /* DigitalMemoPad */ = {
			isa = PBXNativeTarget;
			buildConfigurationList = 058D28CA2E88B34000574394 /* Build configuration list for PBXNativeTarget "DigitalMemoPad" */;
			buildPhases = (
				058D28A02E88B33D00574394 /* Sources */,
				058D28A12E88B33D00574394 /* Frameworks */,
				058D28A22E88B33D00574394 /* Resources */,
				058D28F12E88B71300574394 /* Embed Foundation Extensions */,
			);
			buildRules = (
			);
			dependencies = (
				058D28EB2E88B71300574394 /* PBXTargetDependency */,
			);
			fileSystemSynchronizedGroups = (
				058D28A62E88B33D00574394 /* DigitalMemoPad */,
			);
			name = DigitalMemoPad;
			packageProductDependencies = (
			);
			productName = DigitalMemoPad;
			productReference = 058D28A42E88B33D00574394 /* DigitalMemoPad.app */;
			productType = "com.apple.product-type.application";
		};
		058D28B52E88B34000574394 /* DigitalMemoPadTests */ = {
			isa = PBXNativeTarget;
			buildConfigurationList = 058D28CD2E88B34000574394 /* Build configuration list for PBXNativeTarget "DigitalMemoPadTests" */;
			buildPhases = (
				058D28B22E88B34000574394 /* Sources */,
				058D28B32E88B34000574394 /* Frameworks */,
				058D28B42E88B34000574394 /* Resources */,
			);
			buildRules = (
			);
			dependencies = (
				058D28B82E88B34000574394 /* PBXTargetDependency */,
			);
			fileSystemSynchronizedGroups = (
				058D28B92E88B34000574394 /* DigitalMemoPadTests */,
			);
			name = DigitalMemoPadTests;
			packageProductDependencies = (
			);
			productName = DigitalMemoPadTests;
			productReference = 058D28B62E88B34000574394 /* DigitalMemoPadTests.xctest */;
			productType = "com.apple.product-type.bundle.unit-test";
		};
		058D28BF2E88B34000574394 /* DigitalMemoPadUITests */ = {
			isa = PBXNativeTarget;
			buildConfigurationList = 058D28D02E88B34000574394 /* Build configuration list for PBXNativeTarget "DigitalMemoPadUITests" */;
			buildPhases = (
				058D28BC2E88B34000574394 /* Sources */,
				058D28BD2E88B34000574394 /* Frameworks */,
				058D28BE2E88B34000574394 /* Resources */,
			);
			buildRules = (
			);
			dependencies = (
				058D28C22E88B34000574394 /* PBXTargetDependency */,
			);
			fileSystemSynchronizedGroups = (
				058D28C32E88B34000574394 /* DigitalMemoPadUITests */,
			);
			name = DigitalMemoPadUITests;
			packageProductDependencies = (
			);
			productName = DigitalMemoPadUITests;
			productReference = 058D28C02E88B34000574394 /* DigitalMemoPadUITests.xctest */;
			productType = "com.apple.product-type.bundle.ui-testing";
		};
		058D28D72E88B71200574394 /* DigitalMemoPadWidgetExtension */ = {
			isa = PBXNativeTarget;
			buildConfigurationList = 058D28EE2E88B71300574394 /* Build configuration list for PBXNativeTarget "DigitalMemoPadWidgetExtension" */;
			buildPhases = (
				058D28D42E88B71200574394 /* Sources */,
				058D28D52E88B71200574394 /* Frameworks */,
				058D28D62E88B71200574394 /* Resources */,
			);
			buildRules = (
			);
			dependencies = (
			);
			fileSystemSynchronizedGroups = (
				058D28DE2E88B71200574394 /* DigitalMemoPadWidget */,
			);
			name = DigitalMemoPadWidgetExtension;
			packageProductDependencies = (
			);
			productName = DigitalMemoPadWidgetExtension;
			productReference = 058D28D82E88B71200574394 /* DigitalMemoPadWidgetExtension.appex */;
			productType = "com.apple.product-type.app-extension";
		};
/* End PBXNativeTarget section */

/* Begin PBXProject section */
		058D289C2E88B33D00574394 /* Project object */ = {
			isa = PBXProject;
			attributes = {
				BuildIndependentTargetsInParallel = 1;
				LastSwiftUpdateCheck = 1640;
				LastUpgradeCheck = 1640;
				TargetAttributes = {
					058D28A32E88B33D00574394 = {
						CreatedOnToolsVersion = 16.4;
					};
					058D28B52E88B34000574394 = {
						CreatedOnToolsVersion = 16.4;
						TestTargetID = 058D28A32E88B33D00574394;
					};
					058D28BF2E88B34000574394 = {
						CreatedOnToolsVersion = 16.4;
						TestTargetID = 058D28A32E88B33D00574394;
					};
					058D28D72E88B71200574394 = {
						CreatedOnToolsVersion = 16.4;
					};
				};
			};
			buildConfigurationList = 058D289F2E88B33D00574394 /* Build configuration list for PBXProject "DigitalMemoPad" */;
			developmentRegion = en;
			hasScannedForEncodings = 0;
			knownRegions = (
				en,
				Base,
			);
			mainGroup = 058D289B2E88B33D00574394;
			minimizedProjectReferenceProxies = 1;
			preferredProjectObjectVersion = 77;
			productRefGroup = 058D28A52E88B33D00574394 /* Products */;
			projectDirPath = "";
			projectRoot = "";
			targets = (
				058D28A32E88B33D00574394 /* DigitalMemoPad */,
				058D28B52E88B34000574394 /* DigitalMemoPadTests */,
				058D28BF2E88B34000574394 /* DigitalMemoPadUITests */,
				058D28D72E88B71200574394 /* DigitalMemoPadWidgetExtension */,
			);
		};
/* End PBXProject section */

/* Begin PBXResourcesBuildPhase section */
		058D28A22E88B33D00574394 /* Resources */ = {
			isa = PBXResourcesBuildPhase;
			buildActionMask = 2147483647;
			files = (
			);
			runOnlyForDeploymentPostprocessing = 0;
		};
		058D28B42E88B34000574394 /* Resources */ = {
			isa = PBXResourcesBuildPhase;
			buildActionMask = 2147483647;
			files = (
			);
			runOnlyForDeploymentPostprocessing = 0;
		};
		058D28BE2E88B34000574394 /* Resources */ = {
			isa = PBXResourcesBuildPhase;
			buildActionMask = 2147483647;
			files = (
			);
			runOnlyForDeploymentPostprocessing = 0;
		};
		058D28D62E88B71200574394 /* Resources */ = {
			isa = PBXResourcesBuildPhase;
			buildActionMask = 2147483647;
			files = (
			);
			runOnlyForDeploymentPostprocessing = 0;
		};
/* End PBXResourcesBuildPhase section */

/* Begin PBXSourcesBuildPhase section */
		058D28A02E88B33D00574394 /* Sources */ = {
			isa = PBXSourcesBuildPhase;
			buildActionMask = 2147483647;
			files = (
			);
			runOnlyForDeploymentPostprocessing = 0;
		};
		058D28B22E88B34000574394 /* Sources */ = {
			isa = PBXSourcesBuildPhase;
			buildActionMask = 2147483647;
			files = (
			);
			runOnlyForDeploymentPostprocessing = 0;
		};
		058D28BC2E88B34000574394 /* Sources */ = {
			isa = PBXSourcesBuildPhase;
			buildActionMask = 2147483647;
			files = (
			);
			runOnlyForDeploymentPostprocessing = 0;
		};
		058D28D42E88B71200574394 /* Sources */ = {
			isa = PBXSourcesBuildPhase;
			buildActionMask = 2147483647;
			files = (
			);
			runOnlyForDeploymentPostprocessing = 0;
		};
/* End PBXSourcesBuildPhase section */

/* Begin PBXTargetDependency section */
		058D28B82E88B34000574394 /* PBXTargetDependency */ = {
			isa = PBXTargetDependency;
			target = 058D28A32E88B33D00574394 /* DigitalMemoPad */;
			targetProxy = 058D28B72E88B34000574394 /* PBXContainerItemProxy */;
		};
		058D28C22E88B34000574394 /* PBXTargetDependency */ = {
			isa = PBXTargetDependency;
			target = 058D28A32E88B33D00574394 /* DigitalMemoPad */;
			targetProxy = 058D28C12E88B34000574394 /* PBXContainerItemProxy */;
		};
		058D28EB2E88B71300574394 /* PBXTargetDependency */ = {
			isa = PBXTargetDependency;
			target = 058D28D72E88B71200574394 /* DigitalMemoPadWidgetExtension */;
			targetProxy = 058D28EA2E88B71300574394 /* PBXContainerItemProxy */;
		};
/* End PBXTargetDependency section */

/* Begin XCBuildConfiguration section */
		058D28C82E88B34000574394 /* Debug */ = {
			isa = XCBuildConfiguration;
			buildSettings = {
				ALWAYS_SEARCH_USER_PATHS = NO;
				ASSETCATALOG_COMPILER_GENERATE_SWIFT_ASSET_SYMBOL_EXTENSIONS = YES;
				CLANG_ANALYZER_NONNULL = YES;
				CLANG_ANALYZER_NUMBER_OBJECT_CONVERSION = YES_AGGRESSIVE;
				CLANG_CXX_LANGUAGE_STANDARD = "gnu++20";
				CLANG_ENABLE_MODULES = YES;
				CLANG_ENABLE_OBJC_ARC = YES;
				CLANG_ENABLE_OBJC_WEAK = YES;
				CLANG_WARN_BLOCK_CAPTURE_AUTORELEASING = YES;
				CLANG_WARN_BOOL_CONVERSION = YES;
				CLANG_WARN_COMMA = YES;
				CLANG_WARN_CONSTANT_CONVERSION = YES;
				CLANG_WARN_DEPRECATED_OBJC_IMPLEMENTATIONS = YES;
				CLANG_WARN_DIRECT_OBJC_ISA_USAGE = YES_ERROR;
				CLANG_WARN_DOCUMENTATION_COMMENTS = YES;
				CLANG_WARN_EMPTY_BODY = YES;
				CLANG_WARN_ENUM_CONVERSION = YES;
				CLANG_WARN_INFINITE_RECURSION = YES;
				CLANG_WARN_INT_CONVERSION = YES;
				CLANG_WARN_NON_LITERAL_NULL_CONVERSION = YES;
				CLANG_WARN_OBJC_IMPLICIT_RETAIN_SELF = YES;
				CLANG_WARN_OBJC_LITERAL_CONVERSION = YES;
				CLANG_WARN_OBJC_ROOT_CLASS = YES_ERROR;
				CLANG_WARN_QUOTED_INCLUDE_IN_FRAMEWORK_HEADER = YES;
				CLANG_WARN_RANGE_LOOP_ANALYSIS = YES;
				CLANG_WARN_STRICT_PROTOTYPES = YES;
				CLANG_WARN_SUSPICIOUS_MOVE = YES;
				CLANG_WARN_UNGUARDED_AVAILABILITY = YES_AGGRESSIVE;
				CLANG_WARN_UNREACHABLE_CODE = YES;
				CLANG_WARN__DUPLICATE_METHOD_MATCH = YES;
				COPY_PHASE_STRIP = NO;
				DEBUG_INFORMATION_FORMAT = dwarf;
				DEVELOPMENT_TEAM = 2U6HGW7K5L;
				ENABLE_STRICT_OBJC_MSGSEND = YES;
				ENABLE_TESTABILITY = YES;
				ENABLE_USER_SCRIPT_SANDBOXING = YES;
				GCC_C_LANGUAGE_STANDARD = gnu17;
				GCC_DYNAMIC_NO_PIC = NO;
				GCC_NO_COMMON_BLOCKS = YES;
				GCC_OPTIMIZATION_LEVEL = 0;
				GCC_PREPROCESSOR_DEFINITIONS = (
					"DEBUG=1",
					"$(inherited)",
				);
				GCC_WARN_64_TO_32_BIT_CONVERSION = YES;
				GCC_WARN_ABOUT_RETURN_TYPE = YES_ERROR;
				GCC_WARN_UNDECLARED_SELECTOR = YES;
				GCC_WARN_UNINITIALIZED_AUTOS = YES_AGGRESSIVE;
				GCC_WARN_UNUSED_FUNCTION = YES;
				GCC_WARN_UNUSED_VARIABLE = YES;
				IPHONEOS_DEPLOYMENT_TARGET = 18.5;
				LOCALIZATION_PREFERS_STRING_CATALOGS = YES;
				MTL_ENABLE_DEBUG_INFO = INCLUDE_SOURCE;
				MTL_FAST_MATH = YES;
				ONLY_ACTIVE_ARCH = YES;
				SDKROOT = iphoneos;
				SWIFT_ACTIVE_COMPILATION_CONDITIONS = "DEBUG $(inherited)";
				SWIFT_OPTIMIZATION_LEVEL = "-Onone";
			};
			name = Debug;
		};
		058D28C92E88B34000574394 /* Release */ = {
			isa = XCBuildConfiguration;
			buildSettings = {
				ALWAYS_SEARCH_USER_PATHS = NO;
				ASSETCATALOG_COMPILER_GENERATE_SWIFT_ASSET_SYMBOL_EXTENSIONS = YES;
				CLANG_ANALYZER_NONNULL = YES;
				CLANG_ANALYZER_NUMBER_OBJECT_CONVERSION = YES_AGGRESSIVE;
				CLANG_CXX_LANGUAGE_STANDARD = "gnu++20";
				CLANG_ENABLE_MODULES = YES;
				CLANG_ENABLE_OBJC_ARC = YES;
				CLANG_ENABLE_OBJC_WEAK = YES;
				CLANG_WARN_BLOCK_CAPTURE_AUTORELEASING = YES;
				CLANG_WARN_BOOL_CONVERSION = YES;
				CLANG_WARN_COMMA = YES;
				CLANG_WARN_CONSTANT_CONVERSION = YES;
				CLANG_WARN_DEPRECATED_OBJC_IMPLEMENTATIONS = YES;
				CLANG_WARN_DIRECT_OBJC_ISA_USAGE = YES_ERROR;
				CLANG_WARN_DOCUMENTATION_COMMENTS = YES;
				CLANG_WARN_EMPTY_BODY = YES;
				CLANG_WARN_ENUM_CONVERSION = YES;
				CLANG_WARN_INFINITE_RECURSION = YES;
				CLANG_WARN_INT_CONVERSION = YES;
				CLANG_WARN_NON_LITERAL_NULL_CONVERSION = YES;
				CLANG_WARN_OBJC_IMPLICIT_RETAIN_SELF = YES;
				CLANG_WARN_OBJC_LITERAL_CONVERSION = YES;
				CLANG_WARN_OBJC_ROOT_CLASS = YES_ERROR;
				CLANG_WARN_QUOTED_INCLUDE_IN_FRAMEWORK_HEADER = YES;
				CLANG_WARN_RANGE_LOOP_ANALYSIS = YES;
				CLANG_WARN_STRICT_PROTOTYPES = YES;
				CLANG_WARN_SUSPICIOUS_MOVE = YES;
				CLANG_WARN_UNGUARDED_AVAILABILITY = YES_AGGRESSIVE;
				CLANG_WARN_UNREACHABLE_CODE = YES;
				CLANG_WARN__DUPLICATE_METHOD_MATCH = YES;
				COPY_PHASE_STRIP = NO;
				DEBUG_INFORMATION_FORMAT = "dwarf-with-dsym";
				DEVELOPMENT_TEAM = 2U6HGW7K5L;
				ENABLE_NS_ASSERTIONS = NO;
				ENABLE_STRICT_OBJC_MSGSEND = YES;
				ENABLE_USER_SCRIPT_SANDBOXING = YES;
				GCC_C_LANGUAGE_STANDARD = gnu17;
				GCC_NO_COMMON_BLOCKS = YES;
				GCC_WARN_64_TO_32_BIT_CONVERSION = YES;
				GCC_WARN_ABOUT_RETURN_TYPE = YES_ERROR;
				GCC_WARN_UNDECLARED_SELECTOR = YES;
				GCC_WARN_UNINITIALIZED_AUTOS = YES_AGGRESSIVE;
				GCC_WARN_UNUSED_FUNCTION = YES;
				GCC_WARN_UNUSED_VARIABLE = YES;
				IPHONEOS_DEPLOYMENT_TARGET = 18.5;
				LOCALIZATION_PREFERS_STRING_CATALOGS = YES;
				MTL_ENABLE_DEBUG_INFO = NO;
				MTL_FAST_MATH = YES;
				SDKROOT = iphoneos;
				SWIFT_COMPILATION_MODE = wholemodule;
				VALIDATE_PRODUCT = YES;
			};
			name = Release;
		};
		058D28CB2E88B34000574394 /* Debug */ = {
			isa = XCBuildConfiguration;
			buildSettings = {
				ASSETCATALOG_COMPILER_APPICON_NAME = AppIcon;
				ASSETCATALOG_COMPILER_GLOBAL_ACCENT_COLOR_NAME = AccentColor;
				CODE_SIGN_ENTITLEMENTS = DigitalMemoPad/DigitalMemoPad.entitlements;
				CODE_SIGN_STYLE = Automatic;
				CURRENT_PROJECT_VERSION = 1;
				DEVELOPMENT_TEAM = 2U6HGW7K5L;
				ENABLE_PREVIEWS = YES;
				GENERATE_INFOPLIST_FILE = YES;
				INFOPLIST_KEY_UIApplicationSceneManifest_Generation = YES;
				INFOPLIST_KEY_UIApplicationSupportsIndirectInputEvents = YES;
				INFOPLIST_KEY_UILaunchScreen_Generation = YES;
				INFOPLIST_KEY_UISupportedInterfaceOrientations_iPad = "UIInterfaceOrientationPortrait UIInterfaceOrientationPortraitUpsideDown UIInterfaceOrientationLandscapeLeft UIInterfaceOrientationLandscapeRight";
				INFOPLIST_KEY_UISupportedInterfaceOrientations_iPhone = "UIInterfaceOrientationPortrait UIInterfaceOrientationLandscapeLeft UIInterfaceOrientationLandscapeRight";
				LD_RUNPATH_SEARCH_PATHS = (
					"$(inherited)",
					"@executable_path/Frameworks",
				);
				MARKETING_VERSION = 1.0;
				PRODUCT_BUNDLE_IDENTIFIER = com.shuhei.digitalmemopad.DigitalMemoPad;
				PRODUCT_NAME = "$(TARGET_NAME)";
				SWIFT_EMIT_LOC_STRINGS = YES;
				SWIFT_VERSION = 5.0;
				TARGETED_DEVICE_FAMILY = "1,2";
			};
			name = Debug;
		};
		058D28CC2E88B34000574394 /* Release */ = {
			isa = XCBuildConfiguration;
			buildSettings = {
				ASSETCATALOG_COMPILER_APPICON_NAME = AppIcon;
				ASSETCATALOG_COMPILER_GLOBAL_ACCENT_COLOR_NAME = AccentColor;
				CODE_SIGN_ENTITLEMENTS = DigitalMemoPad/DigitalMemoPad.entitlements;
				CODE_SIGN_STYLE = Automatic;
				CURRENT_PROJECT_VERSION = 1;
				DEVELOPMENT_TEAM = 2U6HGW7K5L;
				ENABLE_PREVIEWS = YES;
				GENERATE_INFOPLIST_FILE = YES;
				INFOPLIST_KEY_UIApplicationSceneManifest_Generation = YES;
				INFOPLIST_KEY_UIApplicationSupportsIndirectInputEvents = YES;
				INFOPLIST_KEY_UILaunchScreen_Generation = YES;
				INFOPLIST_KEY_UISupportedInterfaceOrientations_iPad = "UIInterfaceOrientationPortrait UIInterfaceOrientationPortraitUpsideDown UIInterfaceOrientationLandscapeLeft UIInterfaceOrientationLandscapeRight";
				INFOPLIST_KEY_UISupportedInterfaceOrientations_iPhone = "UIInterfaceOrientationPortrait UIInterfaceOrientationLandscapeLeft UIInterfaceOrientationLandscapeRight";
				LD_RUNPATH_SEARCH_PATHS = (
					"$(inherited)",
					"@executable_path/Frameworks",
				);
				MARKETING_VERSION = 1.0;
				PRODUCT_BUNDLE_IDENTIFIER = com.shuhei.digitalmemopad.DigitalMemoPad;
				PRODUCT_NAME = "$(TARGET_NAME)";
				SWIFT_EMIT_LOC_STRINGS = YES;
				SWIFT_VERSION = 5.0;
				TARGETED_DEVICE_FAMILY = "1,2";
			};
			name = Release;
		};
		058D28CE2E88B34000574394 /* Debug */ = {
			isa = XCBuildConfiguration;
			buildSettings = {
				BUNDLE_LOADER = "$(TEST_HOST)";
				CODE_SIGN_STYLE = Automatic;
				CURRENT_PROJECT_VERSION = 1;
				DEVELOPMENT_TEAM = 2U6HGW7K5L;
				GENERATE_INFOPLIST_FILE = YES;
				IPHONEOS_DEPLOYMENT_TARGET = 18.5;
				MARKETING_VERSION = 1.0;
				PRODUCT_BUNDLE_IDENTIFIER = com.shuhei.digitalmemopad.DigitalMemoPadTests;
				PRODUCT_NAME = "$(TARGET_NAME)";
				SWIFT_EMIT_LOC_STRINGS = NO;
				SWIFT_VERSION = 5.0;
				TARGETED_DEVICE_FAMILY = "1,2";
				TEST_HOST = "$(BUILT_PRODUCTS_DIR)/DigitalMemoPad.app/$(BUNDLE_EXECUTABLE_FOLDER_PATH)/DigitalMemoPad";
			};
			name = Debug;
		};
		058D28CF2E88B34000574394 /* Release */ = {
			isa = XCBuildConfiguration;
			buildSettings = {
				BUNDLE_LOADER = "$(TEST_HOST)";
				CODE_SIGN_STYLE = Automatic;
				CURRENT_PROJECT_VERSION = 1;
				DEVELOPMENT_TEAM = 2U6HGW7K5L;
				GENERATE_INFOPLIST_FILE = YES;
				IPHONEOS_DEPLOYMENT_TARGET = 18.5;
				MARKETING_VERSION = 1.0;
				PRODUCT_BUNDLE_IDENTIFIER = com.shuhei.digitalmemopad.DigitalMemoPadTests;
				PRODUCT_NAME = "$(TARGET_NAME)";
				SWIFT_EMIT_LOC_STRINGS = NO;
				SWIFT_VERSION = 5.0;
				TARGETED_DEVICE_FAMILY = "1,2";
				TEST_HOST = "$(BUILT_PRODUCTS_DIR)/DigitalMemoPad.app/$(BUNDLE_EXECUTABLE_FOLDER_PATH)/DigitalMemoPad";
			};
			name = Release;
		};
		058D28D12E88B34000574394 /* Debug */ = {
			isa = XCBuildConfiguration;
			buildSettings = {
				CODE_SIGN_STYLE = Automatic;
				CURRENT_PROJECT_VERSION = 1;
				DEVELOPMENT_TEAM = 2U6HGW7K5L;
				GENERATE_INFOPLIST_FILE = YES;
				MARKETING_VERSION = 1.0;
				PRODUCT_BUNDLE_IDENTIFIER = com.shuhei.digitalmemopad.DigitalMemoPadUITests;
				PRODUCT_NAME = "$(TARGET_NAME)";
				SWIFT_EMIT_LOC_STRINGS = NO;
				SWIFT_VERSION = 5.0;
				TARGETED_DEVICE_FAMILY = "1,2";
				TEST_TARGET_NAME = DigitalMemoPad;
			};
			name = Debug;
		};
		058D28D22E88B34000574394 /* Release */ = {
			isa = XCBuildConfiguration;
			buildSettings = {
				CODE_SIGN_STYLE = Automatic;
				CURRENT_PROJECT_VERSION = 1;
				DEVELOPMENT_TEAM = 2U6HGW7K5L;
				GENERATE_INFOPLIST_FILE = YES;
				MARKETING_VERSION = 1.0;
				PRODUCT_BUNDLE_IDENTIFIER = com.shuhei.digitalmemopad.DigitalMemoPadUITests;
				PRODUCT_NAME = "$(TARGET_NAME)";
				SWIFT_EMIT_LOC_STRINGS = NO;
				SWIFT_VERSION = 5.0;
				TARGETED_DEVICE_FAMILY = "1,2";
				TEST_TARGET_NAME = DigitalMemoPad;
			};
			name = Release;
		};
		058D28EF2E88B71300574394 /* Debug */ = {
			isa = XCBuildConfiguration;
			buildSettings = {
				ASSETCATALOG_COMPILER_GLOBAL_ACCENT_COLOR_NAME = AccentColor;
				ASSETCATALOG_COMPILER_WIDGET_BACKGROUND_COLOR_NAME = WidgetBackground;
				CODE_SIGN_ENTITLEMENTS = DigitalMemoPadWidgetExtension.entitlements;
				CODE_SIGN_STYLE = Automatic;
				CURRENT_PROJECT_VERSION = 1;
				DEVELOPMENT_TEAM = 2U6HGW7K5L;
				GENERATE_INFOPLIST_FILE = YES;
				INFOPLIST_FILE = DigitalMemoPadWidget/Info.plist;
				INFOPLIST_KEY_CFBundleDisplayName = DigitalMemoPadWidget;
				INFOPLIST_KEY_NSHumanReadableCopyright = "";
				LD_RUNPATH_SEARCH_PATHS = (
					"$(inherited)",
					"@executable_path/Frameworks",
					"@executable_path/../../Frameworks",
				);
				MARKETING_VERSION = 1.0;
				PRODUCT_BUNDLE_IDENTIFIER = com.shuhei.digitalmemopad.DigitalMemoPad.DigitalMemoPadWidget;
				PRODUCT_NAME = "$(TARGET_NAME)";
				SKIP_INSTALL = YES;
				SWIFT_EMIT_LOC_STRINGS = YES;
				SWIFT_VERSION = 5.0;
				TARGETED_DEVICE_FAMILY = "1,2";
			};
			name = Debug;
		};
		058D28F02E88B71300574394 /* Release */ = {
			isa = XCBuildConfiguration;
			buildSettings = {
				ASSETCATALOG_COMPILER_GLOBAL_ACCENT_COLOR_NAME = AccentColor;
				ASSETCATALOG_COMPILER_WIDGET_BACKGROUND_COLOR_NAME = WidgetBackground;
				CODE_SIGN_ENTITLEMENTS = DigitalMemoPadWidgetExtension.entitlements;
				CODE_SIGN_STYLE = Automatic;
				CURRENT_PROJECT_VERSION = 1;
				DEVELOPMENT_TEAM = 2U6HGW7K5L;
				GENERATE_INFOPLIST_FILE = YES;
				INFOPLIST_FILE = DigitalMemoPadWidget/Info.plist;
				INFOPLIST_KEY_CFBundleDisplayName = DigitalMemoPadWidget;
				INFOPLIST_KEY_NSHumanReadableCopyright = "";
				LD_RUNPATH_SEARCH_PATHS = (
					"$(inherited)",
					"@executable_path/Frameworks",
					"@executable_path/../../Frameworks",
				);
				MARKETING_VERSION = 1.0;
				PRODUCT_BUNDLE_IDENTIFIER = com.shuhei.digitalmemopad.DigitalMemoPad.DigitalMemoPadWidget;
				PRODUCT_NAME = "$(TARGET_NAME)";
				SKIP_INSTALL = YES;
				SWIFT_EMIT_LOC_STRINGS = YES;
				SWIFT_VERSION = 5.0;
				TARGETED_DEVICE_FAMILY = "1,2";
			};
			name = Release;
		};
/* End XCBuildConfiguration section */

/* Begin XCConfigurationList section */
		058D289F2E88B33D00574394 /* Build configuration list for PBXProject "DigitalMemoPad" */ = {
			isa = XCConfigurationList;
			buildConfigurations = (
				058D28C82E88B34000574394 /* Debug */,
				058D28C92E88B34000574394 /* Release */,
			);
			defaultConfigurationIsVisible = 0;
			defaultConfigurationName = Release;
		};
		058D28CA2E88B34000574394 /* Build configuration list for PBXNativeTarget "DigitalMemoPad" */ = {
			isa = XCConfigurationList;
			buildConfigurations = (
				058D28CB2E88B34000574394 /* Debug */,
				058D28CC2E88B34000574394 /* Release */,
			);
			defaultConfigurationIsVisible = 0;
			defaultConfigurationName = Release;
		};
		058D28CD2E88B34000574394 /* Build configuration list for PBXNativeTarget "DigitalMemoPadTests" */ = {
			isa = XCConfigurationList;
			buildConfigurations = (
				058D28CE2E88B34000574394 /* Debug */,
				058D28CF2E88B34000574394 /* Release */,
			);
			defaultConfigurationIsVisible = 0;
			defaultConfigurationName = Release;
		};
		058D28D02E88B34000574394 /* Build configuration list for PBXNativeTarget "DigitalMemoPadUITests" */ = {
			isa = XCConfigurationList;
			buildConfigurations = (
				058D28D12E88B34000574394 /* Debug */,
				058D28D22E88B34000574394 /* Release */,
			);
			defaultConfigurationIsVisible = 0;
			defaultConfigurationName = Release;
		};
		058D28EE2E88B71300574394 /* Build configuration list for PBXNativeTarget "DigitalMemoPadWidgetExtension" */ = {
			isa = XCConfigurationList;
			buildConfigurations = (
				058D28EF2E88B71300574394 /* Debug */,
				058D28F02E88B71300574394 /* Release */,
			);
			defaultConfigurationIsVisible = 0;
			defaultConfigurationName = Release;
		};
/* End XCConfigurationList section */
	};
	rootObject = 058D289C2E88B33D00574394 /* Project object */;
}
